
Microsoft Visual Studio Solution File, Format Version 12.00
# Visual Studio Version 17
VisualStudioVersion = 17.5.002.0
MinimumVisualStudioVersion = 10.0.40219.1
Project("{2150E333-8FDC-42A3-9474-1A3956D46DE8}") = "csharp-prep", "csharp-prep", "{C3FCD596-CCCF-4D56-A283-1F2D895F0E66}"
EndProject
Project("{9A19103F-16F7-4668-BE54-9A1E7A4F7556}") = "Prep1", "csharp-prep\Prep1\Prep1.csproj", "{40FABACF-429D-48ED-9510-30D2095E29C3}"
EndProject
Project("{9A19103F-16F7-4668-BE54-9A1E7A4F7556}") = "Prep2", "csharp-prep\Prep2\Prep2.csproj", "{368E13B2-43A6-4284-B96D-819E745B08C2}"
EndProject
Project("{9A19103F-16F7-4668-BE54-9A1E7A4F7556}") = "Prep3", "csharp-prep\Prep3\Prep3.csproj", "{5A9FA88B-8E51-449E-BF77-E42A4F21E994}"
EndProject
Project("{9A19103F-16F7-4668-BE54-9A1E7A4F7556}") = "Prep4", "csharp-prep\Prep4\Prep4.csproj", "{B12B4C6D-6DE5-4182-93EC-F3ECF12AD748}"
EndProject
Project("{9A19103F-16F7-4668-BE54-9A1E7A4F7556}") = "Prep5", "csharp-prep\Prep5\Prep5.csproj", "{3C1A9D51-C58B-46E9-898D-50AFAEE1BCE4}"
EndProject
Project("{2150E333-8FDC-42A3-9474-1A3956D46DE8}") = "final", "final", "{FFFFFEA2-784E-488B-8FA0-35F0C5406645}"
EndProject
Project("{9A19103F-16F7-4668-BE54-9A1E7A4F7556}") = "FinalProject", "final\FinalProject\FinalProject.csproj", "{05B04F10-F05D-443F-A7ED-5DE204597AC0}"
EndProject
Project("{9A19103F-16F7-4668-BE54-9A1E7A4F7556}") = "Foundation1", "final\Foundation1\Foundation1.csproj", "{BD0963D0-2683-43CC-9D41-2802CCFCC345}"
EndProject
Project("{9A19103F-16F7-4668-BE54-9A1E7A4F7556}") = "Foundation2", "final\Foundation2\Foundation2.csproj", "{3CCE7A3E-06DE-4923-9A74-80DF64D1835A}"
EndProject
Project("{9A19103F-16F7-4668-BE54-9A1E7A4F7556}") = "Foundation3", "final\Foundation3\Foundation3.csproj", "{3249B7CB-8BAC-48B2-B396-F089B7B87FC6}"
EndProject
Project("{9A19103F-16F7-4668-BE54-9A1E7A4F7556}") = "Foundation4", "final\Foundation4\Foundation4.csproj", "{A98264FD-937B-4431-B093-E8B93FA8962F}"
EndProject
Project("{2150E333-8FDC-42A3-9474-1A3956D46DE8}") = "prepare", "prepare", "{19D948E8-8CDC-42E8-ADCB-C1357FCF186A}"
EndProject
Project("{9A19103F-16F7-4668-BE54-9A1E7A4F7556}") = "Learning02", "prepare\Learning02\Learning02.csproj", "{110C3076-9073-461E-AE0E-D576432F241A}"
EndProject
Project("{9A19103F-16F7-4668-BE54-9A1E7A4F7556}") = "Learning03", "prepare\Learning03\Learning03.csproj", "{426D8BBA-7A44-4747-A002-B5CA9EEDAA14}"
EndProject
Project("{9A19103F-16F7-4668-BE54-9A1E7A4F7556}") = "Learning04", "prepare\Learning04\Learning04.csproj", "{77366521-0533-4B84-99E1-8112A69CFCB6}"
EndProject
Project("{9A19103F-16F7-4668-BE54-9A1E7A4F7556}") = "Learning05", "prepare\Learning05\Learning05.csproj", "{64055FFF-9F58-4781-8504-E9B12077D720}"
EndProject
Project("{2150E333-8FDC-42A3-9474-1A3956D46DE8}") = "prove", "prove", "{155C3D02-E4D5-4641-A4B2-2A668BE21FDF}"
EndProject
Project("{9A19103F-16F7-4668-BE54-9A1E7A4F7556}") = "Develop02", "prove\Develop02\Develop02.csproj", "{4BD76156-1958-4CBA-B6EA-AF7FEA354300}"
EndProject
Project("{9A19103F-16F7-4668-BE54-9A1E7A4F7556}") = "Develop03", "prove\Develop03\Develop03.csproj", "{6E7FE832-6ECD-492A-A11C-D36C56DC9DE3}"
EndProject
Project("{9A19103F-16F7-4668-BE54-9A1E7A4F7556}") = "Develop04", "prove\Develop04\Develop04.csproj", "{C916DE1F-37B4-4555-A5B6-AA53675818A9}"
EndProject
Project("{9A19103F-16F7-4668-BE54-9A1E7A4F7556}") = "Develop05", "prove\Develop05\Develop05.csproj", "{94E6C3A2-A033-4E03-89E1-C96FF5A1BECB}"
EndProject
Project("{2150E333-8FDC-42A3-9474-1A3956D46DE8}") = "sandbox", "sandbox", "{9F4AFFB2-0B85-4A1C-BC5A-A707A2345A3E}"
EndProject
Project("{9A19103F-16F7-4668-BE54-9A1E7A4F7556}") = "Sandbox", "sandbox\Sandbox\Sandbox.csproj", "{C3387CA2-8411-4851-B18A-D42799E37855}"
EndProject
Global
	GlobalSection(SolutionConfigurationPlatforms) = preSolution
		Debug|Any CPU = Debug|Any CPU
		Release|Any CPU = Release|Any CPU
	EndGlobalSection
	GlobalSection(ProjectConfigurationPlatforms) = postSolution
		{40FABACF-429D-48ED-9510-30D2095E29C3}.Debug|Any CPU.ActiveCfg = Debug|Any CPU
		{40FABACF-429D-48ED-9510-30D2095E29C3}.Debug|Any CPU.Build.0 = Debug|Any CPU
		{40FABACF-429D-48ED-9510-30D2095E29C3}.Release|Any CPU.ActiveCfg = Release|Any CPU
		{40FABACF-429D-48ED-9510-30D2095E29C3}.Release|Any CPU.Build.0 = Release|Any CPU
		{368E13B2-43A6-4284-B96D-819E745B08C2}.Debug|Any CPU.ActiveCfg = Debug|Any CPU
		{368E13B2-43A6-4284-B96D-819E745B08C2}.Debug|Any CPU.Build.0 = Debug|Any CPU
		{368E13B2-43A6-4284-B96D-819E745B08C2}.Release|Any CPU.ActiveCfg = Release|Any CPU
		{368E13B2-43A6-4284-B96D-819E745B08C2}.Release|Any CPU.Build.0 = Release|Any CPU
		{5A9FA88B-8E51-449E-BF77-E42A4F21E994}.Debug|Any CPU.ActiveCfg = Debug|Any CPU
		{5A9FA88B-8E51-449E-BF77-E42A4F21E994}.Debug|Any CPU.Build.0 = Debug|Any CPU
		{5A9FA88B-8E51-449E-BF77-E42A4F21E994}.Release|Any CPU.ActiveCfg = Release|Any CPU
		{5A9FA88B-8E51-449E-BF77-E42A4F21E994}.Release|Any CPU.Build.0 = Release|Any CPU
		{B12B4C6D-6DE5-4182-93EC-F3ECF12AD748}.Debug|Any CPU.ActiveCfg = Debug|Any CPU
		{B12B4C6D-6DE5-4182-93EC-F3ECF12AD748}.Debug|Any CPU.Build.0 = Debug|Any CPU
		{B12B4C6D-6DE5-4182-93EC-F3ECF12AD748}.Release|Any CPU.ActiveCfg = Release|Any CPU
		{B12B4C6D-6DE5-4182-93EC-F3ECF12AD748}.Release|Any CPU.Build.0 = Release|Any CPU
		{3C1A9D51-C58B-46E9-898D-50AFAEE1BCE4}.Debug|Any CPU.ActiveCfg = Debug|Any CPU
		{3C1A9D51-C58B-46E9-898D-50AFAEE1BCE4}.Debug|Any CPU.Build.0 = Debug|Any CPU
		{3C1A9D51-C58B-46E9-898D-50AFAEE1BCE4}.Release|Any CPU.ActiveCfg = Release|Any CPU
		{3C1A9D51-C58B-46E9-898D-50AFAEE1BCE4}.Release|Any CPU.Build.0 = Release|Any CPU
		{05B04F10-F05D-443F-A7ED-5DE204597AC0}.Debug|Any CPU.ActiveCfg = Debug|Any CPU
		{05B04F10-F05D-443F-A7ED-5DE204597AC0}.Debug|Any CPU.Build.0 = Debug|Any CPU
		{05B04F10-F05D-443F-A7ED-5DE204597AC0}.Release|Any CPU.ActiveCfg = Release|Any CPU
		{05B04F10-F05D-443F-A7ED-5DE204597AC0}.Release|Any CPU.Build.0 = Release|Any CPU
		{BD0963D0-2683-43CC-9D41-2802CCFCC345}.Debug|Any CPU.ActiveCfg = Debug|Any CPU
		{BD0963D0-2683-43CC-9D41-2802CCFCC345}.Debug|Any CPU.Build.0 = Debug|Any CPU
		{BD0963D0-2683-43CC-9D41-2802CCFCC345}.Release|Any CPU.ActiveCfg = Release|Any CPU
		{BD0963D0-2683-43CC-9D41-2802CCFCC345}.Release|Any CPU.Build.0 = Release|Any CPU
		{3CCE7A3E-06DE-4923-9A74-80DF64D1835A}.Debug|Any CPU.ActiveCfg = Debug|Any CPU
		{3CCE7A3E-06DE-4923-9A74-80DF64D1835A}.Debug|Any CPU.Build.0 = Debug|Any CPU
		{3CCE7A3E-06DE-4923-9A74-80DF64D1835A}.Release|Any CPU.ActiveCfg = Release|Any CPU
		{3CCE7A3E-06DE-4923-9A74-80DF64D1835A}.Release|Any CPU.Build.0 = Release|Any CPU
		{3249B7CB-8BAC-48B2-B396-F089B7B87FC6}.Debug|Any CPU.ActiveCfg = Debug|Any CPU
		{3249B7CB-8BAC-48B2-B396-F089B7B87FC6}.Debug|Any CPU.Build.0 = Debug|Any CPU
		{3249B7CB-8BAC-48B2-B396-F089B7B87FC6}.Release|Any CPU.ActiveCfg = Release|Any CPU
		{3249B7CB-8BAC-48B2-B396-F089B7B87FC6}.Release|Any CPU.Build.0 = Release|Any CPU
		{A98264FD-937B-4431-B093-E8B93FA8962F}.Debug|Any CPU.ActiveCfg = Debug|Any CPU
		{A98264FD-937B-4431-B093-E8B93FA8962F}.Debug|Any CPU.Build.0 = Debug|Any CPU
		{A98264FD-937B-4431-B093-E8B93FA8962F}.Release|Any CPU.ActiveCfg = Release|Any CPU
		{A98264FD-937B-4431-B093-E8B93FA8962F}.Release|Any CPU.Build.0 = Release|Any CPU
		{110C3076-9073-461E-AE0E-D576432F241A}.Debug|Any CPU.ActiveCfg = Debug|Any CPU
		{110C3076-9073-461E-AE0E-D576432F241A}.Debug|Any CPU.Build.0 = Debug|Any CPU
		{110C3076-9073-461E-AE0E-D576432F241A}.Release|Any CPU.ActiveCfg = Release|Any CPU
		{110C3076-9073-461E-AE0E-D576432F241A}.Release|Any CPU.Build.0 = Release|Any CPU
		{426D8BBA-7A44-4747-A002-B5CA9EEDAA14}.Debug|Any CPU.ActiveCfg = Debug|Any CPU
		{426D8BBA-7A44-4747-A002-B5CA9EEDAA14}.Debug|Any CPU.Build.0 = Debug|Any CPU
		{426D8BBA-7A44-4747-A002-B5CA9EEDAA14}.Release|Any CPU.ActiveCfg = Release|Any CPU
		{426D8BBA-7A44-4747-A002-B5CA9EEDAA14}.Release|Any CPU.Build.0 = Release|Any CPU
		{77366521-0533-4B84-99E1-8112A69CFCB6}.Debug|Any CPU.ActiveCfg = Debug|Any CPU
		{77366521-0533-4B84-99E1-8112A69CFCB6}.Debug|Any CPU.Build.0 = Debug|Any CPU
		{77366521-0533-4B84-99E1-8112A69CFCB6}.Release|Any CPU.ActiveCfg = Release|Any CPU
		{77366521-0533-4B84-99E1-8112A69CFCB6}.Release|Any CPU.Build.0 = Release|Any CPU
		{64055FFF-9F58-4781-8504-E9B12077D720}.Debug|Any CPU.ActiveCfg = Debug|Any CPU
		{64055FFF-9F58-4781-8504-E9B12077D720}.Debug|Any CPU.Build.0 = Debug|Any CPU
		{64055FFF-9F58-4781-8504-E9B12077D720}.Release|Any CPU.ActiveCfg = Release|Any CPU
		{64055FFF-9F58-4781-8504-E9B12077D720}.Release|Any CPU.Build.0 = Release|Any CPU
		{4BD76156-1958-4CBA-B6EA-AF7FEA354300}.Debug|Any CPU.ActiveCfg = Debug|Any CPU
		{4BD76156-1958-4CBA-B6EA-AF7FEA354300}.Debug|Any CPU.Build.0 = Debug|Any CPU
		{4BD76156-1958-4CBA-B6EA-AF7FEA354300}.Release|Any CPU.ActiveCfg = Release|Any CPU
		{4BD76156-1958-4CBA-B6EA-AF7FEA354300}.Release|Any CPU.Build.0 = Release|Any CPU
		{6E7FE832-6ECD-492A-A11C-D36C56DC9DE3}.Debug|Any CPU.ActiveCfg = Debug|Any CPU
		{6E7FE832-6ECD-492A-A11C-D36C56DC9DE3}.Debug|Any CPU.Build.0 = Debug|Any CPU
		{6E7FE832-6ECD-492A-A11C-D36C56DC9DE3}.Release|Any CPU.ActiveCfg = Release|Any CPU
		{6E7FE832-6ECD-492A-A11C-D36C56DC9DE3}.Release|Any CPU.Build.0 = Release|Any CPU
		{C916DE1F-37B4-4555-A5B6-AA53675818A9}.Debug|Any CPU.ActiveCfg = Debug|Any CPU
		{C916DE1F-37B4-4555-A5B6-AA53675818A9}.Debug|Any CPU.Build.0 = Debug|Any CPU
		{C916DE1F-37B4-4555-A5B6-AA53675818A9}.Release|Any CPU.ActiveCfg = Release|Any CPU
		{C916DE1F-37B4-4555-A5B6-AA53675818A9}.Release|Any CPU.Build.0 = Release|Any CPU
		{94E6C3A2-A033-4E03-89E1-C96FF5A1BECB}.Debug|Any CPU.ActiveCfg = Debug|Any CPU
		{94E6C3A2-A033-4E03-89E1-C96FF5A1BECB}.Debug|Any CPU.Build.0 = Debug|Any CPU
		{94E6C3A2-A033-4E03-89E1-C96FF5A1BECB}.Release|Any CPU.ActiveCfg = Release|Any CPU
		{94E6C3A2-A033-4E03-89E1-C96FF5A1BECB}.Release|Any CPU.Build.0 = Release|Any CPU
		{C3387CA2-8411-4851-B18A-D42799E37855}.Debug|Any CPU.ActiveCfg = Debug|Any CPU
		{C3387CA2-8411-4851-B18A-D42799E37855}.Debug|Any CPU.Build.0 = Debug|Any CPU
		{C3387CA2-8411-4851-B18A-D42799E37855}.Release|Any CPU.ActiveCfg = Release|Any CPU
		{C3387CA2-8411-4851-B18A-D42799E37855}.Release|Any CPU.Build.0 = Release|Any CPU
	EndGlobalSection
	GlobalSection(SolutionProperties) = preSolution
		HideSolutionNode = FALSE
	EndGlobalSection
	GlobalSection(NestedProjects) = preSolution
		{40FABACF-429D-48ED-9510-30D2095E29C3} = {C3FCD596-CCCF-4D56-A283-1F2D895F0E66}
		{368E13B2-43A6-4284-B96D-819E745B08C2} = {C3FCD596-CCCF-4D56-A283-1F2D895F0E66}
		{5A9FA88B-8E51-449E-BF77-E42A4F21E994} = {C3FCD596-CCCF-4D56-A283-1F2D895F0E66}
		{B12B4C6D-6DE5-4182-93EC-F3ECF12AD748} = {C3FCD596-CCCF-4D56-A283-1F2D895F0E66}
		{3C1A9D51-C58B-46E9-898D-50AFAEE1BCE4} = {C3FCD596-CCCF-4D56-A283-1F2D895F0E66}
		{05B04F10-F05D-443F-A7ED-5DE204597AC0} = {FFFFFEA2-784E-488B-8FA0-35F0C5406645}
		{BD0963D0-2683-43CC-9D41-2802CCFCC345} = {FFFFFEA2-784E-488B-8FA0-35F0C5406645}
		{3CCE7A3E-06DE-4923-9A74-80DF64D1835A} = {FFFFFEA2-784E-488B-8FA0-35F0C5406645}
		{3249B7CB-8BAC-48B2-B396-F089B7B87FC6} = {FFFFFEA2-784E-488B-8FA0-35F0C5406645}
		{A98264FD-937B-4431-B093-E8B93FA8962F} = {FFFFFEA2-784E-488B-8FA0-35F0C5406645}
		{110C3076-9073-461E-AE0E-D576432F241A} = {19D948E8-8CDC-42E8-ADCB-C1357FCF186A}
		{426D8BBA-7A44-4747-A002-B5CA9EEDAA14} = {19D948E8-8CDC-42E8-ADCB-C1357FCF186A}
		{77366521-0533-4B84-99E1-8112A69CFCB6} = {19D948E8-8CDC-42E8-ADCB-C1357FCF186A}
		{64055FFF-9F58-4781-8504-E9B12077D720} = {19D948E8-8CDC-42E8-ADCB-C1357FCF186A}
		{4BD76156-1958-4CBA-B6EA-AF7FEA354300} = {155C3D02-E4D5-4641-A4B2-2A668BE21FDF}
		{6E7FE832-6ECD-492A-A11C-D36C56DC9DE3} = {155C3D02-E4D5-4641-A4B2-2A668BE21FDF}
		{C916DE1F-37B4-4555-A5B6-AA53675818A9} = {155C3D02-E4D5-4641-A4B2-2A668BE21FDF}
		{94E6C3A2-A033-4E03-89E1-C96FF5A1BECB} = {155C3D02-E4D5-4641-A4B2-2A668BE21FDF}
		{C3387CA2-8411-4851-B18A-D42799E37855} = {9F4AFFB2-0B85-4A1C-BC5A-A707A2345A3E}
	EndGlobalSection
	GlobalSection(ExtensibilityGlobals) = postSolution
		SolutionGuid = {009D087A-FA3E-4120-9426-E12CDF959223}
	EndGlobalSection
EndGlobal
